
Microsoft Visual Studio Solution File, Format Version 12.00
# Visual Studio 15
Project("{FAE04EC0-301F-11D3-BF4B-00C04F79EFBC}") = "Assembly-CSharp", "Assembly-CSharp.csproj", "{B9835A2E-9113-F5BB-64A1-3E3189B7A1C2}"
EndProject
Project("{FAE04EC0-301F-11D3-BF4B-00C04F79EFBC}") = "Assembly-CSharp-Editor", "Assembly-CSharp-Editor.csproj", "{A8F948E7-D6E7-7E0E-7D61-329FB04CCCE8}"
EndProject
Global
	GlobalSection(SolutionConfigurationPlatforms) = preSolution
		Debug|Any CPU = Debug|Any CPU
		Release|Any CPU = Release|Any CPU
	EndGlobalSection
	GlobalSection(ProjectConfigurationPlatforms) = postSolution
		{B9835A2E-9113-F5BB-64A1-3E3189B7A1C2}.Debug|Any CPU.ActiveCfg = Debug|Any CPU
		{B9835A2E-9113-F5BB-64A1-3E3189B7A1C2}.Debug|Any CPU.Build.0 = Debug|Any CPU
		{B9835A2E-9113-F5BB-64A1-3E3189B7A1C2}.Release|Any CPU.ActiveCfg = Release|Any CPU
		{B9835A2E-9113-F5BB-64A1-3E3189B7A1C2}.Release|Any CPU.Build.0 = Release|Any CPU
		{A8F948E7-D6E7-7E0E-7D61-329FB04CCCE8}.Debug|Any CPU.ActiveCfg = Debug|Any CPU
		{A8F948E7-D6E7-7E0E-7D61-329FB04CCCE8}.Debug|Any CPU.Build.0 = Debug|Any CPU
		{A8F948E7-D6E7-7E0E-7D61-329FB04CCCE8}.Release|Any CPU.ActiveCfg = Release|Any CPU
		{A8F948E7-D6E7-7E0E-7D61-329FB04CCCE8}.Release|Any CPU.Build.0 = Release|Any CPU
	EndGlobalSection
	GlobalSection(SolutionProperties) = preSolution
		HideSolutionNode = FALSE
	EndGlobalSection
EndGlobal
